
Microsoft Visual Studio Solution File, Format Version 12.00
# Visual Studio Version 17
VisualStudioVersion = 17.9.34728.123
MinimumVisualStudioVersion = 10.0.40219.1
Project("{FAE04EC0-301F-11D3-BF4B-00C04F79EFBC}") = "PlayerStatusChecklist", "PlayerStatusChecklist\PlayerStatusChecklist.csproj", "{F4ED6D8F-5D52-47EB-A203-144B4D0F1B97}"
EndProject
Global
	GlobalSection(SolutionConfigurationPlatforms) = preSolution
		Debug|Any CPU = Debug|Any CPU
		Release|Any CPU = Release|Any CPU
	EndGlobalSection
	GlobalSection(ProjectConfigurationPlatforms) = postSolution
		{F4ED6D8F-5D52-47EB-A203-144B4D0F1B97}.Debug|Any CPU.ActiveCfg = Debug|Any CPU
		{F4ED6D8F-5D52-47EB-A203-144B4D0F1B97}.Debug|Any CPU.Build.0 = Debug|Any CPU
		{F4ED6D8F-5D52-47EB-A203-144B4D0F1B97}.Release|Any CPU.ActiveCfg = Release|Any CPU
		{F4ED6D8F-5D52-47EB-A203-144B4D0F1B97}.Release|Any CPU.Build.0 = Release|Any CPU
	EndGlobalSection
	GlobalSection(SolutionProperties) = preSolution
		HideSolutionNode = FALSE
	EndGlobalSection
	GlobalSection(ExtensibilityGlobals) = postSolution
		SolutionGuid = {F1503199-718B-4EE4-93DE-B4E703E48B78}
	EndGlobalSection
EndGlobal
